PODS:
  - Capacitor (8.3.0):
    - CapacitorCordova
  - CapacitorCordova (8.3.0)
  - CordovaPlugins (7.4.2):
    - CapacitorCordova

DEPENDENCIES:
  - "Capacitor (from `../../node_modules/@capacitor/ios`)"
  - "CapacitorCordova (from `../../node_modules/@capacitor/ios`)"
  - CordovaPlugins (from `../capacitor-cordova-ios-plugins`)

EXTERNAL SOURCES:
  Capacitor:
    :path: "../../node_modules/@capacitor/ios"
  CapacitorCordova:
    :path: "../../node_modules/@capacitor/ios"
  CordovaPlugins:
    :path: "../capacitor-cordova-ios-plugins"

SPEC CHECKSUMS:
  Capacitor: 22e541237135648c9aa736232bb4d2eec35fddcb
  CapacitorCordova: 2e1e2bb93b2f365309dc4ff18b72b9a69a7814a9
  CordovaPlugins: b2618e17f8dd580d2354710b7b52b0af9d6f03f2

PODFILE CHECKSUM: d3b3983374991535bef19a371b85bb1bb1937ace

COCOAPODS: 1.16.2
